{
  "pins" : [
    {
      "identity" : "swift-promise",
      "kind" : "remoteSourceControl",
      "location" : "https://github.com/sutext/swift-promise",
      "state" : {
        "revision" : "8baedd0938795732164ab6ea426a47bf2eb1d730",
        "version" : "2.2.0"
      }
    }
  ],
  "version" : 2
}
